Microsoft Visual Studio Solution File, Format Version 12.00
# Visual Studio 14
Project("{8BC9CEB8-8B4A-11D0-8D11-00A0C91BC942}") = "ALL_BUILD", "ALL_BUILD.vcxproj", "{2357ECF2-89CC-306D-8B38-01F481ECDDDA}"
	ProjectSection(ProjectDependencies) = postProject
		{AED2A3B5-A092-3DD3-810F-84DE48E228EE} = {AED2A3B5-A092-3DD3-810F-84DE48E228EE}
		{98A55FA3-016A-37B5-8F95-2EC4F2ED3828} = {98A55FA3-016A-37B5-8F95-2EC4F2ED3828}
		{71EDF359-2A87-3367-953F-FF97D628E9CA} = {71EDF359-2A87-3367-953F-FF97D628E9CA}
		{3D9AC594-349B-3F7F-838C-F5464B379831} = {3D9AC594-349B-3F7F-838C-F5464B379831}
	EndProjectSection
EndProject
Project("{8BC9CEB8-8B4A-11D0-8D11-00A0C91BC942}") = "INSTALL", "INSTALL.vcxproj", "{82871842-E540-3E3E-865B-A98BEEC8FAF8}"
	ProjectSection(ProjectDependencies) = postProject
		{2357ECF2-89CC-306D-8B38-01F481ECDDDA} = {2357ECF2-89CC-306D-8B38-01F481ECDDDA}
	EndProjectSection
EndProject
Project("{8BC9CEB8-8B4A-11D0-8D11-00A0C91BC942}") = "RUN_TESTS", "RUN_TESTS.vcxproj", "{5A628116-C38E-3E7C-9459-1BE2AE431D21}"
	ProjectSection(ProjectDependencies) = postProject
	EndProjectSection
EndProject
Project("{8BC9CEB8-8B4A-11D0-8D11-00A0C91BC942}") = "ZERO_CHECK", "ZERO_CHECK.vcxproj", "{AED2A3B5-A092-3DD3-810F-84DE48E228EE}"
	ProjectSection(ProjectDependencies) = postProject
	EndProjectSection
EndProject
Project("{8BC9CEB8-8B4A-11D0-8D11-00A0C91BC942}") = "app", "app\app.vcxproj", "{98A55FA3-016A-37B5-8F95-2EC4F2ED3828}"
	ProjectSection(ProjectDependencies) = postProject
		{AED2A3B5-A092-3DD3-810F-84DE48E228EE} = {AED2A3B5-A092-3DD3-810F-84DE48E228EE}
		{71EDF359-2A87-3367-953F-FF97D628E9CA} = {71EDF359-2A87-3367-953F-FF97D628E9CA}
	EndProjectSection
EndProject
Project("{8BC9CEB8-8B4A-11D0-8D11-00A0C91BC942}") = "include", "include\include.vcxproj", "{C8CC5E88-0DEB-337A-97BA-1BFF151CB979}"
	ProjectSection(ProjectDependencies) = postProject
		{AED2A3B5-A092-3DD3-810F-84DE48E228EE} = {AED2A3B5-A092-3DD3-810F-84DE48E228EE}
	EndProjectSection
EndProject
Project("{8BC9CEB8-8B4A-11D0-8D11-00A0C91BC942}") = "saa-application", "src\saa-application.vcxproj", "{71EDF359-2A87-3367-953F-FF97D628E9CA}"
	ProjectSection(ProjectDependencies) = postProject
		{AED2A3B5-A092-3DD3-810F-84DE48E228EE} = {AED2A3B5-A092-3DD3-810F-84DE48E228EE}
	EndProjectSection
EndProject
Project("{8BC9CEB8-8B4A-11D0-8D11-00A0C91BC942}") = "saa_test", "test\saa_test.vcxproj", "{3D9AC594-349B-3F7F-838C-F5464B379831}"
	ProjectSection(ProjectDependencies) = postProject
		{AED2A3B5-A092-3DD3-810F-84DE48E228EE} = {AED2A3B5-A092-3DD3-810F-84DE48E228EE}
		{71EDF359-2A87-3367-953F-FF97D628E9CA} = {71EDF359-2A87-3367-953F-FF97D628E9CA}
	EndProjectSection
EndProject
Project("{2150E333-8FDC-42A3-9474-1A3956D46DE8}") = "CMakePredefinedTargets", "CMakePredefinedTargets", "{AB97EAEC-0BDC-33EA-95F8-0FFBA2DA7295}"
EndProject
Project("{2150E333-8FDC-42A3-9474-1A3956D46DE8}") = "executables", "executables", "{CC571527-CDB6-3325-8EEF-DAC461467D5C}"
EndProject
Project("{2150E333-8FDC-42A3-9474-1A3956D46DE8}") = "include", "include", "{D742E855-D134-30AA-94B6-FFBB6AC1574E}"
EndProject
Project("{2150E333-8FDC-42A3-9474-1A3956D46DE8}") = "libraries", "libraries", "{ECE7798E-7C82-327E-8718-B9D3D357F9DF}"
EndProject
Global
	GlobalSection(SolutionConfigurationPlatforms) = preSolution
		Debug|Win32 = Debug|Win32
		Release|Win32 = Release|Win32
		MinSizeRel|Win32 = MinSizeRel|Win32
		RelWithDebInfo|Win32 = RelWithDebInfo|Win32
	EndGlobalSection
	GlobalSection(ProjectConfigurationPlatforms) = postSolution
		{2357ECF2-89CC-306D-8B38-01F481ECDDDA}.Debug|Win32.ActiveCfg = Debug|Win32
		{2357ECF2-89CC-306D-8B38-01F481ECDDDA}.Debug|Win32.Build.0 = Debug|Win32
		{2357ECF2-89CC-306D-8B38-01F481ECDDDA}.Release|Win32.ActiveCfg = Release|Win32
		{2357ECF2-89CC-306D-8B38-01F481ECDDDA}.Release|Win32.Build.0 = Release|Win32
		{2357ECF2-89CC-306D-8B38-01F481ECDDDA}.MinSizeRel|Win32.ActiveCfg = MinSizeRel|Win32
		{2357ECF2-89CC-306D-8B38-01F481ECDDDA}.MinSizeRel|Win32.Build.0 = MinSizeRel|Win32
		{2357ECF2-89CC-306D-8B38-01F481ECDDDA}.RelWithDebInfo|Win32.ActiveCfg = RelWithDebInfo|Win32
		{2357ECF2-89CC-306D-8B38-01F481ECDDDA}.RelWithDebInfo|Win32.Build.0 = RelWithDebInfo|Win32
		{82871842-E540-3E3E-865B-A98BEEC8FAF8}.Debug|Win32.ActiveCfg = Debug|Win32
		{82871842-E540-3E3E-865B-A98BEEC8FAF8}.Release|Win32.ActiveCfg = Release|Win32
		{82871842-E540-3E3E-865B-A98BEEC8FAF8}.MinSizeRel|Win32.ActiveCfg = MinSizeRel|Win32
		{82871842-E540-3E3E-865B-A98BEEC8FAF8}.RelWithDebInfo|Win32.ActiveCfg = RelWithDebInfo|Win32
		{5A628116-C38E-3E7C-9459-1BE2AE431D21}.Debug|Win32.ActiveCfg = Debug|Win32
		{5A628116-C38E-3E7C-9459-1BE2AE431D21}.Release|Win32.ActiveCfg = Release|Win32
		{5A628116-C38E-3E7C-9459-1BE2AE431D21}.MinSizeRel|Win32.ActiveCfg = MinSizeRel|Win32
		{5A628116-C38E-3E7C-9459-1BE2AE431D21}.RelWithDebInfo|Win32.ActiveCfg = RelWithDebInfo|Win32
		{AED2A3B5-A092-3DD3-810F-84DE48E228EE}.Debug|Win32.ActiveCfg = Debug|Win32
		{AED2A3B5-A092-3DD3-810F-84DE48E228EE}.Debug|Win32.Build.0 = Debug|Win32
		{AED2A3B5-A092-3DD3-810F-84DE48E228EE}.Release|Win32.ActiveCfg = Release|Win32
		{AED2A3B5-A092-3DD3-810F-84DE48E228EE}.Release|Win32.Build.0 = Release|Win32
		{AED2A3B5-A092-3DD3-810F-84DE48E228EE}.MinSizeRel|Win32.ActiveCfg = MinSizeRel|Win32
		{AED2A3B5-A092-3DD3-810F-84DE48E228EE}.MinSizeRel|Win32.Build.0 = MinSizeRel|Win32
		{AED2A3B5-A092-3DD3-810F-84DE48E228EE}.RelWithDebInfo|Win32.ActiveCfg = RelWithDebInfo|Win32
		{AED2A3B5-A092-3DD3-810F-84DE48E228EE}.RelWithDebInfo|Win32.Build.0 = RelWithDebInfo|Win32
		{98A55FA3-016A-37B5-8F95-2EC4F2ED3828}.Debug|Win32.ActiveCfg = Debug|Win32
		{98A55FA3-016A-37B5-8F95-2EC4F2ED3828}.Debug|Win32.Build.0 = Debug|Win32
		{98A55FA3-016A-37B5-8F95-2EC4F2ED3828}.Release|Win32.ActiveCfg = Release|Win32
		{98A55FA3-016A-37B5-8F95-2EC4F2ED3828}.Release|Win32.Build.0 = Release|Win32
		{98A55FA3-016A-37B5-8F95-2EC4F2ED3828}.MinSizeRel|Win32.ActiveCfg = MinSizeRel|Win32
		{98A55FA3-016A-37B5-8F95-2EC4F2ED3828}.MinSizeRel|Win32.Build.0 = MinSizeRel|Win32
		{98A55FA3-016A-37B5-8F95-2EC4F2ED3828}.RelWithDebInfo|Win32.ActiveCfg = RelWithDebInfo|Win32
		{98A55FA3-016A-37B5-8F95-2EC4F2ED3828}.RelWithDebInfo|Win32.Build.0 = RelWithDebInfo|Win32
		{C8CC5E88-0DEB-337A-97BA-1BFF151CB979}.Debug|Win32.ActiveCfg = Debug|Win32
		{C8CC5E88-0DEB-337A-97BA-1BFF151CB979}.Release|Win32.ActiveCfg = Release|Win32
		{C8CC5E88-0DEB-337A-97BA-1BFF151CB979}.MinSizeRel|Win32.ActiveCfg = MinSizeRel|Win32
		{C8CC5E88-0DEB-337A-97BA-1BFF151CB979}.RelWithDebInfo|Win32.ActiveCfg = RelWithDebInfo|Win32
		{71EDF359-2A87-3367-953F-FF97D628E9CA}.Debug|Win32.ActiveCfg = Debug|Win32
		{71EDF359-2A87-3367-953F-FF97D628E9CA}.Debug|Win32.Build.0 = Debug|Win32
		{71EDF359-2A87-3367-953F-FF97D628E9CA}.Release|Win32.ActiveCfg = Release|Win32
		{71EDF359-2A87-3367-953F-FF97D628E9CA}.Release|Win32.Build.0 = Release|Win32
		{71EDF359-2A87-3367-953F-FF97D628E9CA}.MinSizeRel|Win32.ActiveCfg = MinSizeRel|Win32
		{71EDF359-2A87-3367-953F-FF97D628E9CA}.MinSizeRel|Win32.Build.0 = MinSizeRel|Win32
		{71EDF359-2A87-3367-953F-FF97D628E9CA}.RelWithDebInfo|Win32.ActiveCfg = RelWithDebInfo|Win32
		{71EDF359-2A87-3367-953F-FF97D628E9CA}.RelWithDebInfo|Win32.Build.0 = RelWithDebInfo|Win32
		{3D9AC594-349B-3F7F-838C-F5464B379831}.Debug|Win32.ActiveCfg = Debug|Win32
		{3D9AC594-349B-3F7F-838C-F5464B379831}.Debug|Win32.Build.0 = Debug|Win32
		{3D9AC594-349B-3F7F-838C-F5464B379831}.Release|Win32.ActiveCfg = Release|Win32
		{3D9AC594-349B-3F7F-838C-F5464B379831}.Release|Win32.Build.0 = Release|Win32
		{3D9AC594-349B-3F7F-838C-F5464B379831}.MinSizeRel|Win32.ActiveCfg = MinSizeRel|Win32
		{3D9AC594-349B-3F7F-838C-F5464B379831}.MinSizeRel|Win32.Build.0 = MinSizeRel|Win32
		{3D9AC594-349B-3F7F-838C-F5464B379831}.RelWithDebInfo|Win32.ActiveCfg = RelWithDebInfo|Win32
		{3D9AC594-349B-3F7F-838C-F5464B379831}.RelWithDebInfo|Win32.Build.0 = RelWithDebInfo|Win32
	EndGlobalSection
	GlobalSection(NestedProjects) = preSolution
		{82871842-E540-3E3E-865B-A98BEEC8FAF8} = {AB97EAEC-0BDC-33EA-95F8-0FFBA2DA7295}
		{5A628116-C38E-3E7C-9459-1BE2AE431D21} = {AB97EAEC-0BDC-33EA-95F8-0FFBA2DA7295}
		{AED2A3B5-A092-3DD3-810F-84DE48E228EE} = {AB97EAEC-0BDC-33EA-95F8-0FFBA2DA7295}
		{98A55FA3-016A-37B5-8F95-2EC4F2ED3828} = {CC571527-CDB6-3325-8EEF-DAC461467D5C}
		{3D9AC594-349B-3F7F-838C-F5464B379831} = {CC571527-CDB6-3325-8EEF-DAC461467D5C}
		{C8CC5E88-0DEB-337A-97BA-1BFF151CB979} = {D742E855-D134-30AA-94B6-FFBB6AC1574E}
		{71EDF359-2A87-3367-953F-FF97D628E9CA} = {ECE7798E-7C82-327E-8718-B9D3D357F9DF}
	EndGlobalSection
	GlobalSection(ExtensibilityGlobals) = postSolution
	EndGlobalSection
	GlobalSection(ExtensibilityAddIns) = postSolution
	EndGlobalSection
EndGlobal
