<?xml version="1.0" encoding="UTF-8"?>
<Project ToolsVersion="14.0" xmlns="http://schemas.microsoft.com/developer/msbuild/2003">
  <ItemGroup>
    <CustomBuild Include="C:\Users\Kyle\Documents\GitHub\SAA-Application-Cmake\_build_win\CMakeFiles\f8cbc66debac18795f989043716108b0\INSTALL_force.rule">
      <Filter>CMake Rules</Filter>
    </CustomBuild>
  </ItemGroup>
  <ItemGroup>
    <Filter Include="CMake Rules">
      <UniqueIdentifier>{2769078A-62D1-3611-87E5-36129283D5C3}</UniqueIdentifier>
    </Filter>
  </ItemGroup>
</Project>
